
Microsoft Visual Studio Solution File, Format Version 12.00
# Visual Studio Version 16
VisualStudioVersion = 16.0.31702.278
MinimumVisualStudioVersion = 10.0.40219.1
Project("{FAE04EC0-301F-11D3-BF4B-00C04F79EFBC}") = "hackathon_campus", "hackathon_campus.csproj", "{0CC454F0-BC74-4C6D-BBEC-27D339F168E0}"
EndProject
Project("{FAE04EC0-301F-11D3-BF4B-00C04F79EFBC}") = "hackathon_campus.Core", "..\hackathon_campus.Core\hackathon_campus.Core.csproj", "{347BE7B3-FCE3-4A54-A234-249161DC8C86}"
EndProject
Project("{FAE04EC0-301F-11D3-BF4B-00C04F79EFBC}") = "hackathon_campus.Infrastructure", "..\hackathon_campus.Infrastructure\hackathon_campus.Infrastructure.csproj", "{8D72BBE5-2954-49AC-AC85-D5BADE83C0FA}"
EndProject
Global
	GlobalSection(SolutionConfigurationPlatforms) = preSolution
		Debug|Any CPU = Debug|Any CPU
		Release|Any CPU = Release|Any CPU
	EndGlobalSection
	GlobalSection(ProjectConfigurationPlatforms) = postSolution
		{0CC454F0-BC74-4C6D-BBEC-27D339F168E0}.Debug|Any CPU.ActiveCfg = Debug|Any CPU
		{0CC454F0-BC74-4C6D-BBEC-27D339F168E0}.Debug|Any CPU.Build.0 = Debug|Any CPU
		{0CC454F0-BC74-4C6D-BBEC-27D339F168E0}.Release|Any CPU.ActiveCfg = Release|Any CPU
		{0CC454F0-BC74-4C6D-BBEC-27D339F168E0}.Release|Any CPU.Build.0 = Release|Any CPU
		{347BE7B3-FCE3-4A54-A234-249161DC8C86}.Debug|Any CPU.ActiveCfg = Debug|Any CPU
		{347BE7B3-FCE3-4A54-A234-249161DC8C86}.Debug|Any CPU.Build.0 = Debug|Any CPU
		{347BE7B3-FCE3-4A54-A234-249161DC8C86}.Release|Any CPU.ActiveCfg = Release|Any CPU
		{347BE7B3-FCE3-4A54-A234-249161DC8C86}.Release|Any CPU.Build.0 = Release|Any CPU
		{8D72BBE5-2954-49AC-AC85-D5BADE83C0FA}.Debug|Any CPU.ActiveCfg = Debug|Any CPU
		{8D72BBE5-2954-49AC-AC85-D5BADE83C0FA}.Debug|Any CPU.Build.0 = Debug|Any CPU
		{8D72BBE5-2954-49AC-AC85-D5BADE83C0FA}.Release|Any CPU.ActiveCfg = Release|Any CPU
		{8D72BBE5-2954-49AC-AC85-D5BADE83C0FA}.Release|Any CPU.Build.0 = Release|Any CPU
	EndGlobalSection
	GlobalSection(SolutionProperties) = preSolution
		HideSolutionNode = FALSE
	EndGlobalSection
	GlobalSection(ExtensibilityGlobals) = postSolution
		SolutionGuid = {1AA77793-85ED-4A97-AF2D-1BF4BF338180}
	EndGlobalSection
EndGlobal
